
Microsoft Visual Studio Solution File, Format Version 12.00
# Visual Studio Version 17
VisualStudioVersion = 17.14.36429.23
MinimumVisualStudioVersion = 10.0.40219.1
Project("{2150E333-8FDC-42A3-9474-1A3956D46DE8}") = "Task0", "Task0", "{02EA681E-C7D8-13C7-8484-4AC65E1B71E8}"
EndProject
Project("{FAE04EC0-301F-11D3-BF4B-00C04F79EFBC}") = "Tyuiu.PozdeevaEA.Sprint0.Task0.V0", "Tyuiu.PozdeevaEA.Sprint0.Task0.V0\Tyuiu.PozdeevaEA.Sprint0.Task0.V0.csproj", "{07098265-908C-42BB-A902-835DDEB3CD63}"
EndProject
Project("{2150E333-8FDC-42A3-9474-1A3956D46DE8}") = "Task1", "Task1", "{AB42B844-DD66-4997-8EF6-D643CA4865C2}"
EndProject
Project("{FAE04EC0-301F-11D3-BF4B-00C04F79EFBC}") = "Tyuiu.PozdeevaEA.Sprint0.Task1.V0", "Tyuiu.PozdeevaEA.Sprint0.Task1.V0\Tyuiu.PozdeevaEA.Sprint0.Task1.V0.csproj", "{E43DD1AF-8853-40E2-B35F-30740420C57F}"
EndProject
Project("{2150E333-8FDC-42A3-9474-1A3956D46DE8}") = "Task2", "Task2", "{4F356233-32D5-48B2-8A08-1A59BE3D9DD8}"
EndProject
Project("{FAE04EC0-301F-11D3-BF4B-00C04F79EFBC}") = "Tyuiu.PozdeevaEA.Sprint0.Task2.V0", "Tyuiu.PozdeevaEA.Sprint0.Task2.V0\Tyuiu.PozdeevaEA.Sprint0.Task2.V0.csproj", "{210F9BAF-42D5-42FB-9FEB-A2BAD8DFBE6F}"
EndProject
Project("{FAE04EC0-301F-11D3-BF4B-00C04F79EFBC}") = "Tyuiu.PozdeevaEA.Sprint0.Task2.V0.Lib", "Tyuiu.PozdeevaEA.Sprint0.Task2.V0.Lib\Tyuiu.PozdeevaEA.Sprint0.Task2.V0.Lib.csproj", "{15D92998-1D47-48A3-AD52-ABB1FB4BA234}"
EndProject
Project("{FAE04EC0-301F-11D3-BF4B-00C04F79EFBC}") = "Tyuiu.PozdeevaEA.Sprint0.Task2.V0.Test", "Tyuiu.PozdeevaEA.Sprint0.Task2.V0.Test\Tyuiu.PozdeevaEA.Sprint0.Task2.V0.Test.csproj", "{8F9DAB18-DC38-4165-AB64-B9D3B92EC184}"
EndProject
Project("{2150E333-8FDC-42A3-9474-1A3956D46DE8}") = "Task3", "Task3", "{9CC84B49-5A9E-4A00-B53D-F4F0A2D59681}"
EndProject
Project("{FAE04EC0-301F-11D3-BF4B-00C04F79EFBC}") = "Tyuiu.PozdeevaEA.Sprint0.Task3.V0", "Tyuiu.PozdeevaEA.Sprint0.Task3.V0\Tyuiu.PozdeevaEA.Sprint0.Task3.V0.csproj", "{ED783478-0DD5-446E-A94D-9FE9E9533055}"
EndProject
Project("{FAE04EC0-301F-11D3-BF4B-00C04F79EFBC}") = "Tyuiu.PozdeevaEA.Sprint0.Task3.V0.Test", "Tyuiu.PozdeevaEA.Sprint0.Task3.V0.Test\Tyuiu.PozdeevaEA.Sprint0.Task3.V0.Test.csproj", "{8B7F0441-2EFB-48AF-8F0D-64D2E3E5DC54}"
EndProject
Project("{FAE04EC0-301F-11D3-BF4B-00C04F79EFBC}") = "Tyuiu.PozdeevaEA.Sprint0.Task3.V0.Lib", "Tyuiu.PozdeevaEA.Sprint0.Task3.V0.Lib\Tyuiu.PozdeevaEA.Sprint0.Task3.V0.Lib.csproj", "{1CA6A6F9-F5D1-4DA7-9DD7-48312FD6014C}"
EndProject
Project("{2150E333-8FDC-42A3-9474-1A3956D46DE8}") = "Task4", "Task4", "{451AEF7F-F8CD-4371-8653-2E934C7FD269}"
EndProject
Project("{FAE04EC0-301F-11D3-BF4B-00C04F79EFBC}") = "Tyuiu.PozdeevaEA.Sprint0.Task4.V0", "Tyuiu.PozdeevaEA.Sprint0.Task4.V0\Tyuiu.PozdeevaEA.Sprint0.Task4.V0.csproj", "{CBB31641-40B8-4EFE-8A41-BD41A616E3B9}"
EndProject
Project("{FAE04EC0-301F-11D3-BF4B-00C04F79EFBC}") = "Tyuiu.PozdeevaEA.Sprint0.Task4.V0.Lib", "Tyuiu.PozdeevaEA.Sprint0.Task4.V0.Lib\Tyuiu.PozdeevaEA.Sprint0.Task4.V0.Lib.csproj", "{E8EB8F7B-D853-43A5-9BD5-6160A9069837}"
EndProject
Project("{FAE04EC0-301F-11D3-BF4B-00C04F79EFBC}") = "Tyuiu.PozdeevaEA.Sprint0.Task4.V0.Test", "Tyuiu.PozdeevaEA.Sprint0.Task4.V0.Test\Tyuiu.PozdeevaEA.Sprint0.Task4.V0.Test.csproj", "{A649A625-FF9A-4862-9C8A-37D867B8E204}"
EndProject
Project("{2150E333-8FDC-42A3-9474-1A3956D46DE8}") = "Task5", "Task5", "{7A804C28-594E-419F-A0EA-0DEEA1C1D5BF}"
EndProject
Project("{FAE04EC0-301F-11D3-BF4B-00C04F79EFBC}") = "Tyuiu.PozdeevaEA.Sprint0.Task5.V0", "Tyuiu.PozdeevaEA.Sprint0.Task5.V0\Tyuiu.PozdeevaEA.Sprint0.Task5.V0.csproj", "{0BCFB335-377A-4641-8443-E94F15E93166}"
EndProject
Project("{FAE04EC0-301F-11D3-BF4B-00C04F79EFBC}") = "Tyuiu.PozdeevaEA.Sprint0.Task5.V0.Lib", "Tyuiu.PozdeevaEA.Sprint0.Task5.V0.Lib\Tyuiu.PozdeevaEA.Sprint0.Task5.V0.Lib.csproj", "{CD9D706A-2325-47FB-A2B9-7F6CD50C7D62}"
EndProject
Project("{FAE04EC0-301F-11D3-BF4B-00C04F79EFBC}") = "Tyuiu.PozdeevaEA.Sprint0.Task5.V0.Test", "Tyuiu.PozdeevaEA.Sprint0.Task5.V0.Test\Tyuiu.PozdeevaEA.Sprint0.Task5.V0.Test.csproj", "{FFD348AF-588E-42C8-822E-73D4A6875333}"
EndProject
Global
	GlobalSection(SolutionConfigurationPlatforms) = preSolution
		Debug|Any CPU = Debug|Any CPU
		Release|Any CPU = Release|Any CPU
	EndGlobalSection
	GlobalSection(ProjectConfigurationPlatforms) = postSolution
		{07098265-908C-42BB-A902-835DDEB3CD63}.Debug|Any CPU.ActiveCfg = Debug|Any CPU
		{07098265-908C-42BB-A902-835DDEB3CD63}.Debug|Any CPU.Build.0 = Debug|Any CPU
		{07098265-908C-42BB-A902-835DDEB3CD63}.Release|Any CPU.ActiveCfg = Release|Any CPU
		{07098265-908C-42BB-A902-835DDEB3CD63}.Release|Any CPU.Build.0 = Release|Any CPU
		{E43DD1AF-8853-40E2-B35F-30740420C57F}.Debug|Any CPU.ActiveCfg = Debug|Any CPU
		{E43DD1AF-8853-40E2-B35F-30740420C57F}.Debug|Any CPU.Build.0 = Debug|Any CPU
		{E43DD1AF-8853-40E2-B35F-30740420C57F}.Release|Any CPU.ActiveCfg = Release|Any CPU
		{E43DD1AF-8853-40E2-B35F-30740420C57F}.Release|Any CPU.Build.0 = Release|Any CPU
		{210F9BAF-42D5-42FB-9FEB-A2BAD8DFBE6F}.Debug|Any CPU.ActiveCfg = Debug|Any CPU
		{210F9BAF-42D5-42FB-9FEB-A2BAD8DFBE6F}.Debug|Any CPU.Build.0 = Debug|Any CPU
		{210F9BAF-42D5-42FB-9FEB-A2BAD8DFBE6F}.Release|Any CPU.ActiveCfg = Release|Any CPU
		{210F9BAF-42D5-42FB-9FEB-A2BAD8DFBE6F}.Release|Any CPU.Build.0 = Release|Any CPU
		{15D92998-1D47-48A3-AD52-ABB1FB4BA234}.Debug|Any CPU.ActiveCfg = Debug|Any CPU
		{15D92998-1D47-48A3-AD52-ABB1FB4BA234}.Debug|Any CPU.Build.0 = Debug|Any CPU
		{15D92998-1D47-48A3-AD52-ABB1FB4BA234}.Release|Any CPU.ActiveCfg = Release|Any CPU
		{15D92998-1D47-48A3-AD52-ABB1FB4BA234}.Release|Any CPU.Build.0 = Release|Any CPU
		{8F9DAB18-DC38-4165-AB64-B9D3B92EC184}.Debug|Any CPU.ActiveCfg = Debug|Any CPU
		{8F9DAB18-DC38-4165-AB64-B9D3B92EC184}.Debug|Any CPU.Build.0 = Debug|Any CPU
		{8F9DAB18-DC38-4165-AB64-B9D3B92EC184}.Release|Any CPU.ActiveCfg = Release|Any CPU
		{8F9DAB18-DC38-4165-AB64-B9D3B92EC184}.Release|Any CPU.Build.0 = Release|Any CPU
		{ED783478-0DD5-446E-A94D-9FE9E9533055}.Debug|Any CPU.ActiveCfg = Debug|Any CPU
		{ED783478-0DD5-446E-A94D-9FE9E9533055}.Debug|Any CPU.Build.0 = Debug|Any CPU
		{ED783478-0DD5-446E-A94D-9FE9E9533055}.Release|Any CPU.ActiveCfg = Release|Any CPU
		{ED783478-0DD5-446E-A94D-9FE9E9533055}.Release|Any CPU.Build.0 = Release|Any CPU
		{8B7F0441-2EFB-48AF-8F0D-64D2E3E5DC54}.Debug|Any CPU.ActiveCfg = Debug|Any CPU
		{8B7F0441-2EFB-48AF-8F0D-64D2E3E5DC54}.Debug|Any CPU.Build.0 = Debug|Any CPU
		{8B7F0441-2EFB-48AF-8F0D-64D2E3E5DC54}.Release|Any CPU.ActiveCfg = Release|Any CPU
		{8B7F0441-2EFB-48AF-8F0D-64D2E3E5DC54}.Release|Any CPU.Build.0 = Release|Any CPU
		{1CA6A6F9-F5D1-4DA7-9DD7-48312FD6014C}.Debug|Any CPU.ActiveCfg = Debug|Any CPU
		{1CA6A6F9-F5D1-4DA7-9DD7-48312FD6014C}.Debug|Any CPU.Build.0 = Debug|Any CPU
		{1CA6A6F9-F5D1-4DA7-9DD7-48312FD6014C}.Release|Any CPU.ActiveCfg = Release|Any CPU
		{1CA6A6F9-F5D1-4DA7-9DD7-48312FD6014C}.Release|Any CPU.Build.0 = Release|Any CPU
		{CBB31641-40B8-4EFE-8A41-BD41A616E3B9}.Debug|Any CPU.ActiveCfg = Debug|Any CPU
		{CBB31641-40B8-4EFE-8A41-BD41A616E3B9}.Debug|Any CPU.Build.0 = Debug|Any CPU
		{CBB31641-40B8-4EFE-8A41-BD41A616E3B9}.Release|Any CPU.ActiveCfg = Release|Any CPU
		{CBB31641-40B8-4EFE-8A41-BD41A616E3B9}.Release|Any CPU.Build.0 = Release|Any CPU
		{E8EB8F7B-D853-43A5-9BD5-6160A9069837}.Debug|Any CPU.ActiveCfg = Debug|Any CPU
		{E8EB8F7B-D853-43A5-9BD5-6160A9069837}.Debug|Any CPU.Build.0 = Debug|Any CPU
		{E8EB8F7B-D853-43A5-9BD5-6160A9069837}.Release|Any CPU.ActiveCfg = Release|Any CPU
		{E8EB8F7B-D853-43A5-9BD5-6160A9069837}.Release|Any CPU.Build.0 = Release|Any CPU
		{A649A625-FF9A-4862-9C8A-37D867B8E204}.Debug|Any CPU.ActiveCfg = Debug|Any CPU
		{A649A625-FF9A-4862-9C8A-37D867B8E204}.Debug|Any CPU.Build.0 = Debug|Any CPU
		{A649A625-FF9A-4862-9C8A-37D867B8E204}.Release|Any CPU.ActiveCfg = Release|Any CPU
		{A649A625-FF9A-4862-9C8A-37D867B8E204}.Release|Any CPU.Build.0 = Release|Any CPU
		{0BCFB335-377A-4641-8443-E94F15E93166}.Debug|Any CPU.ActiveCfg = Debug|Any CPU
		{0BCFB335-377A-4641-8443-E94F15E93166}.Debug|Any CPU.Build.0 = Debug|Any CPU
		{0BCFB335-377A-4641-8443-E94F15E93166}.Release|Any CPU.ActiveCfg = Release|Any CPU
		{0BCFB335-377A-4641-8443-E94F15E93166}.Release|Any CPU.Build.0 = Release|Any CPU
		{CD9D706A-2325-47FB-A2B9-7F6CD50C7D62}.Debug|Any CPU.ActiveCfg = Debug|Any CPU
		{CD9D706A-2325-47FB-A2B9-7F6CD50C7D62}.Debug|Any CPU.Build.0 = Debug|Any CPU
		{CD9D706A-2325-47FB-A2B9-7F6CD50C7D62}.Release|Any CPU.ActiveCfg = Release|Any CPU
		{CD9D706A-2325-47FB-A2B9-7F6CD50C7D62}.Release|Any CPU.Build.0 = Release|Any CPU
		{FFD348AF-588E-42C8-822E-73D4A6875333}.Debug|Any CPU.ActiveCfg = Debug|Any CPU
		{FFD348AF-588E-42C8-822E-73D4A6875333}.Debug|Any CPU.Build.0 = Debug|Any CPU
		{FFD348AF-588E-42C8-822E-73D4A6875333}.Release|Any CPU.ActiveCfg = Release|Any CPU
		{FFD348AF-588E-42C8-822E-73D4A6875333}.Release|Any CPU.Build.0 = Release|Any CPU
	EndGlobalSection
	GlobalSection(SolutionProperties) = preSolution
		HideSolutionNode = FALSE
	EndGlobalSection
	GlobalSection(NestedProjects) = preSolution
		{07098265-908C-42BB-A902-835DDEB3CD63} = {02EA681E-C7D8-13C7-8484-4AC65E1B71E8}
		{E43DD1AF-8853-40E2-B35F-30740420C57F} = {AB42B844-DD66-4997-8EF6-D643CA4865C2}
		{210F9BAF-42D5-42FB-9FEB-A2BAD8DFBE6F} = {4F356233-32D5-48B2-8A08-1A59BE3D9DD8}
		{15D92998-1D47-48A3-AD52-ABB1FB4BA234} = {4F356233-32D5-48B2-8A08-1A59BE3D9DD8}
		{8F9DAB18-DC38-4165-AB64-B9D3B92EC184} = {4F356233-32D5-48B2-8A08-1A59BE3D9DD8}
		{ED783478-0DD5-446E-A94D-9FE9E9533055} = {9CC84B49-5A9E-4A00-B53D-F4F0A2D59681}
		{8B7F0441-2EFB-48AF-8F0D-64D2E3E5DC54} = {9CC84B49-5A9E-4A00-B53D-F4F0A2D59681}
		{1CA6A6F9-F5D1-4DA7-9DD7-48312FD6014C} = {9CC84B49-5A9E-4A00-B53D-F4F0A2D59681}
		{CBB31641-40B8-4EFE-8A41-BD41A616E3B9} = {451AEF7F-F8CD-4371-8653-2E934C7FD269}
		{E8EB8F7B-D853-43A5-9BD5-6160A9069837} = {451AEF7F-F8CD-4371-8653-2E934C7FD269}
		{A649A625-FF9A-4862-9C8A-37D867B8E204} = {451AEF7F-F8CD-4371-8653-2E934C7FD269}
		{0BCFB335-377A-4641-8443-E94F15E93166} = {7A804C28-594E-419F-A0EA-0DEEA1C1D5BF}
		{CD9D706A-2325-47FB-A2B9-7F6CD50C7D62} = {7A804C28-594E-419F-A0EA-0DEEA1C1D5BF}
		{FFD348AF-588E-42C8-822E-73D4A6875333} = {7A804C28-594E-419F-A0EA-0DEEA1C1D5BF}
	EndGlobalSection
	GlobalSection(ExtensibilityGlobals) = postSolution
		SolutionGuid = {059EFACE-6B7A-472D-9602-2E5236FD8969}
	EndGlobalSection
EndGlobal
